
Microsoft Visual Studio Solution File, Format Version 12.00
# Visual Studio Version 16
VisualStudioVersion = 16.0.30804.86
MinimumVisualStudioVersion = 10.0.40219.1
Project("{FAE04EC0-301F-11D3-BF4B-00C04F79EFBC}") = "FoodS2Calories.UWP", "FoodS2Calories\FoodS2Calories.UWP\FoodS2Calories.UWP.csproj", "{69CFF1B8-BB58-4E12-B289-E557C1FEA19F}"
EndProject
Project("{FAE04EC0-301F-11D3-BF4B-00C04F79EFBC}") = "FoodS2Calories.Android", "FoodS2Calories\FoodS2Calories.Android\FoodS2Calories.Android.csproj", "{DE65ACA6-8329-4134-84AB-6C98B2ACE076}"
EndProject
Project("{FAE04EC0-301F-11D3-BF4B-00C04F79EFBC}") = "FoodS2Calories.iOS", "FoodS2Calories\FoodS2Calories.iOS\FoodS2Calories.iOS.csproj", "{EBE8CE31-9BE3-4F71-AECB-C592D718EFAD}"
EndProject
Project("{FAE04EC0-301F-11D3-BF4B-00C04F79EFBC}") = "FoodS2Calories", "FoodS2Calories\FoodS2Calories\FoodS2Calories.csproj", "{8431CE10-1241-43EC-87A8-8288000EA242}"
EndProject
Global
	GlobalSection(SolutionConfigurationPlatforms) = preSolution
		Debug|Any CPU = Debug|Any CPU
		Debug|ARM = Debug|ARM
		Debug|iPhone = Debug|iPhone
		Debug|iPhoneSimulator = Debug|iPhoneSimulator
		Debug|x64 = Debug|x64
		Debug|x86 = Debug|x86
		Release|Any CPU = Release|Any CPU
		Release|ARM = Release|ARM
		Release|iPhone = Release|iPhone
		Release|iPhoneSimulator = Release|iPhoneSimulator
		Release|x64 = Release|x64
		Release|x86 = Release|x86
	EndGlobalSection
	GlobalSection(ProjectConfigurationPlatforms) = postSolution
		{69CFF1B8-BB58-4E12-B289-E557C1FEA19F}.Debug|Any CPU.ActiveCfg = Debug|x86
		{69CFF1B8-BB58-4E12-B289-E557C1FEA19F}.Debug|Any CPU.Build.0 = Debug|x86
		{69CFF1B8-BB58-4E12-B289-E557C1FEA19F}.Debug|Any CPU.Deploy.0 = Debug|x86
		{69CFF1B8-BB58-4E12-B289-E557C1FEA19F}.Debug|ARM.ActiveCfg = Debug|ARM
		{69CFF1B8-BB58-4E12-B289-E557C1FEA19F}.Debug|ARM.Build.0 = Debug|ARM
		{69CFF1B8-BB58-4E12-B289-E557C1FEA19F}.Debug|ARM.Deploy.0 = Debug|ARM
		{69CFF1B8-BB58-4E12-B289-E557C1FEA19F}.Debug|iPhone.ActiveCfg = Debug|x86
		{69CFF1B8-BB58-4E12-B289-E557C1FEA19F}.Debug|iPhone.Build.0 = Debug|x86
		{69CFF1B8-BB58-4E12-B289-E557C1FEA19F}.Debug|iPhone.Deploy.0 = Debug|x86
		{69CFF1B8-BB58-4E12-B289-E557C1FEA19F}.Debug|iPhoneSimulator.ActiveCfg = Debug|x86
		{69CFF1B8-BB58-4E12-B289-E557C1FEA19F}.Debug|iPhoneSimulator.Build.0 = Debug|x86
		{69CFF1B8-BB58-4E12-B289-E557C1FEA19F}.Debug|iPhoneSimulator.Deploy.0 = Debug|x86
		{69CFF1B8-BB58-4E12-B289-E557C1FEA19F}.Debug|x64.ActiveCfg = Debug|x64
		{69CFF1B8-BB58-4E12-B289-E557C1FEA19F}.Debug|x64.Build.0 = Debug|x64
		{69CFF1B8-BB58-4E12-B289-E557C1FEA19F}.Debug|x64.Deploy.0 = Debug|x64
		{69CFF1B8-BB58-4E12-B289-E557C1FEA19F}.Debug|x86.ActiveCfg = Debug|x86
		{69CFF1B8-BB58-4E12-B289-E557C1FEA19F}.Debug|x86.Build.0 = Debug|x86
		{69CFF1B8-BB58-4E12-B289-E557C1FEA19F}.Debug|x86.Deploy.0 = Debug|x86
		{69CFF1B8-BB58-4E12-B289-E557C1FEA19F}.Release|Any CPU.ActiveCfg = Release|x86
		{69CFF1B8-BB58-4E12-B289-E557C1FEA19F}.Release|Any CPU.Build.0 = Release|x86
		{69CFF1B8-BB58-4E12-B289-E557C1FEA19F}.Release|Any CPU.Deploy.0 = Release|x86
		{69CFF1B8-BB58-4E12-B289-E557C1FEA19F}.Release|ARM.ActiveCfg = Release|ARM
		{69CFF1B8-BB58-4E12-B289-E557C1FEA19F}.Release|ARM.Build.0 = Release|ARM
		{69CFF1B8-BB58-4E12-B289-E557C1FEA19F}.Release|ARM.Deploy.0 = Release|ARM
		{69CFF1B8-BB58-4E12-B289-E557C1FEA19F}.Release|iPhone.ActiveCfg = Release|x86
		{69CFF1B8-BB58-4E12-B289-E557C1FEA19F}.Release|iPhone.Build.0 = Release|x86
		{69CFF1B8-BB58-4E12-B289-E557C1FEA19F}.Release|iPhone.Deploy.0 = Release|x86
		{69CFF1B8-BB58-4E12-B289-E557C1FEA19F}.Release|iPhoneSimulator.ActiveCfg = Release|x86
		{69CFF1B8-BB58-4E12-B289-E557C1FEA19F}.Release|iPhoneSimulator.Build.0 = Release|x86
		{69CFF1B8-BB58-4E12-B289-E557C1FEA19F}.Release|iPhoneSimulator.Deploy.0 = Release|x86
		{69CFF1B8-BB58-4E12-B289-E557C1FEA19F}.Release|x64.ActiveCfg = Release|x64
		{69CFF1B8-BB58-4E12-B289-E557C1FEA19F}.Release|x64.Build.0 = Release|x64
		{69CFF1B8-BB58-4E12-B289-E557C1FEA19F}.Release|x64.Deploy.0 = Release|x64
		{69CFF1B8-BB58-4E12-B289-E557C1FEA19F}.Release|x86.ActiveCfg = Release|x86
		{69CFF1B8-BB58-4E12-B289-E557C1FEA19F}.Release|x86.Build.0 = Release|x86
		{69CFF1B8-BB58-4E12-B289-E557C1FEA19F}.Release|x86.Deploy.0 = Release|x86
		{DE65ACA6-8329-4134-84AB-6C98B2ACE076}.Debug|Any CPU.ActiveCfg = Debug|Any CPU
		{DE65ACA6-8329-4134-84AB-6C98B2ACE076}.Debug|Any CPU.Build.0 = Debug|Any CPU
		{DE65ACA6-8329-4134-84AB-6C98B2ACE076}.Debug|Any CPU.Deploy.0 = Debug|Any CPU
		{DE65ACA6-8329-4134-84AB-6C98B2ACE076}.Debug|ARM.ActiveCfg = Debug|Any CPU
		{DE65ACA6-8329-4134-84AB-6C98B2ACE076}.Debug|ARM.Build.0 = Debug|Any CPU
		{DE65ACA6-8329-4134-84AB-6C98B2ACE076}.Debug|ARM.Deploy.0 = Debug|Any CPU
		{DE65ACA6-8329-4134-84AB-6C98B2ACE076}.Debug|iPhone.ActiveCfg = Debug|Any CPU
		{DE65ACA6-8329-4134-84AB-6C98B2ACE076}.Debug|iPhone.Build.0 = Debug|Any CPU
		{DE65ACA6-8329-4134-84AB-6C98B2ACE076}.Debug|iPhone.Deploy.0 = Debug|Any CPU
		{DE65ACA6-8329-4134-84AB-6C98B2ACE076}.Debug|iPhoneSimulator.ActiveCfg = Debug|Any CPU
		{DE65ACA6-8329-4134-84AB-6C98B2ACE076}.Debug|iPhoneSimulator.Build.0 = Debug|Any CPU
		{DE65ACA6-8329-4134-84AB-6C98B2ACE076}.Debug|iPhoneSimulator.Deploy.0 = Debug|Any CPU
		{DE65ACA6-8329-4134-84AB-6C98B2ACE076}.Debug|x64.ActiveCfg = Debug|Any CPU
		{DE65ACA6-8329-4134-84AB-6C98B2ACE076}.Debug|x64.Build.0 = Debug|Any CPU
		{DE65ACA6-8329-4134-84AB-6C98B2ACE076}.Debug|x64.Deploy.0 = Debug|Any CPU
		{DE65ACA6-8329-4134-84AB-6C98B2ACE076}.Debug|x86.ActiveCfg = Debug|Any CPU
		{DE65ACA6-8329-4134-84AB-6C98B2ACE076}.Debug|x86.Build.0 = Debug|Any CPU
		{DE65ACA6-8329-4134-84AB-6C98B2ACE076}.Debug|x86.Deploy.0 = Debug|Any CPU
		{DE65ACA6-8329-4134-84AB-6C98B2ACE076}.Release|Any CPU.ActiveCfg = Release|Any CPU
		{DE65ACA6-8329-4134-84AB-6C98B2ACE076}.Release|Any CPU.Build.0 = Release|Any CPU
		{DE65ACA6-8329-4134-84AB-6C98B2ACE076}.Release|Any CPU.Deploy.0 = Release|Any CPU
		{DE65ACA6-8329-4134-84AB-6C98B2ACE076}.Release|ARM.ActiveCfg = Release|Any CPU
		{DE65ACA6-8329-4134-84AB-6C98B2ACE076}.Release|ARM.Build.0 = Release|Any CPU
		{DE65ACA6-8329-4134-84AB-6C98B2ACE076}.Release|ARM.Deploy.0 = Release|Any CPU
		{DE65ACA6-8329-4134-84AB-6C98B2ACE076}.Release|iPhone.ActiveCfg = Release|Any CPU
		{DE65ACA6-8329-4134-84AB-6C98B2ACE076}.Release|iPhone.Build.0 = Release|Any CPU
		{DE65ACA6-8329-4134-84AB-6C98B2ACE076}.Release|iPhone.Deploy.0 = Release|Any CPU
		{DE65ACA6-8329-4134-84AB-6C98B2ACE076}.Release|iPhoneSimulator.ActiveCfg = Release|Any CPU
		{DE65ACA6-8329-4134-84AB-6C98B2ACE076}.Release|iPhoneSimulator.Build.0 = Release|Any CPU
		{DE65ACA6-8329-4134-84AB-6C98B2ACE076}.Release|iPhoneSimulator.Deploy.0 = Release|Any CPU
		{DE65ACA6-8329-4134-84AB-6C98B2ACE076}.Release|x64.ActiveCfg = Release|Any CPU
		{DE65ACA6-8329-4134-84AB-6C98B2ACE076}.Release|x64.Build.0 = Release|Any CPU
		{DE65ACA6-8329-4134-84AB-6C98B2ACE076}.Release|x64.Deploy.0 = Release|Any CPU
		{DE65ACA6-8329-4134-84AB-6C98B2ACE076}.Release|x86.ActiveCfg = Release|Any CPU
		{DE65ACA6-8329-4134-84AB-6C98B2ACE076}.Release|x86.Build.0 = Release|Any CPU
		{DE65ACA6-8329-4134-84AB-6C98B2ACE076}.Release|x86.Deploy.0 = Release|Any CPU
		{EBE8CE31-9BE3-4F71-AECB-C592D718EFAD}.Debug|Any CPU.ActiveCfg = Debug|iPhoneSimulator
		{EBE8CE31-9BE3-4F71-AECB-C592D718EFAD}.Debug|Any CPU.Build.0 = Debug|iPhoneSimulator
		{EBE8CE31-9BE3-4F71-AECB-C592D718EFAD}.Debug|Any CPU.Deploy.0 = Debug|iPhoneSimulator
		{EBE8CE31-9BE3-4F71-AECB-C592D718EFAD}.Debug|ARM.ActiveCfg = Debug|iPhone
		{EBE8CE31-9BE3-4F71-AECB-C592D718EFAD}.Debug|ARM.Build.0 = Debug|iPhone
		{EBE8CE31-9BE3-4F71-AECB-C592D718EFAD}.Debug|ARM.Deploy.0 = Debug|iPhone
		{EBE8CE31-9BE3-4F71-AECB-C592D718EFAD}.Debug|iPhone.ActiveCfg = Debug|iPhone
		{EBE8CE31-9BE3-4F71-AECB-C592D718EFAD}.Debug|iPhone.Build.0 = Debug|iPhone
		{EBE8CE31-9BE3-4F71-AECB-C592D718EFAD}.Debug|iPhone.Deploy.0 = Debug|iPhone
		{EBE8CE31-9BE3-4F71-AECB-C592D718EFAD}.Debug|iPhoneSimulator.ActiveCfg = Debug|iPhoneSimulator
		{EBE8CE31-9BE3-4F71-AECB-C592D718EFAD}.Debug|iPhoneSimulator.Build.0 = Debug|iPhoneSimulator
		{EBE8CE31-9BE3-4F71-AECB-C592D718EFAD}.Debug|iPhoneSimulator.Deploy.0 = Debug|iPhoneSimulator
		{EBE8CE31-9BE3-4F71-AECB-C592D718EFAD}.Debug|x64.ActiveCfg = Debug|iPhoneSimulator
		{EBE8CE31-9BE3-4F71-AECB-C592D718EFAD}.Debug|x64.Build.0 = Debug|iPhoneSimulator
		{EBE8CE31-9BE3-4F71-AECB-C592D718EFAD}.Debug|x64.Deploy.0 = Debug|iPhoneSimulator
		{EBE8CE31-9BE3-4F71-AECB-C592D718EFAD}.Debug|x86.ActiveCfg = Debug|iPhoneSimulator
		{EBE8CE31-9BE3-4F71-AECB-C592D718EFAD}.Debug|x86.Build.0 = Debug|iPhoneSimulator
		{EBE8CE31-9BE3-4F71-AECB-C592D718EFAD}.Debug|x86.Deploy.0 = Debug|iPhoneSimulator
		{EBE8CE31-9BE3-4F71-AECB-C592D718EFAD}.Release|Any CPU.ActiveCfg = Release|iPhoneSimulator
		{EBE8CE31-9BE3-4F71-AECB-C592D718EFAD}.Release|Any CPU.Build.0 = Release|iPhoneSimulator
		{EBE8CE31-9BE3-4F71-AECB-C592D718EFAD}.Release|Any CPU.Deploy.0 = Release|iPhoneSimulator
		{EBE8CE31-9BE3-4F71-AECB-C592D718EFAD}.Release|ARM.ActiveCfg = Release|iPhoneSimulator
		{EBE8CE31-9BE3-4F71-AECB-C592D718EFAD}.Release|ARM.Build.0 = Release|iPhoneSimulator
		{EBE8CE31-9BE3-4F71-AECB-C592D718EFAD}.Release|ARM.Deploy.0 = Release|iPhoneSimulator
		{EBE8CE31-9BE3-4F71-AECB-C592D718EFAD}.Release|iPhone.ActiveCfg = Release|iPhone
		{EBE8CE31-9BE3-4F71-AECB-C592D718EFAD}.Release|iPhone.Build.0 = Release|iPhone
		{EBE8CE31-9BE3-4F71-AECB-C592D718EFAD}.Release|iPhone.Deploy.0 = Release|iPhone
		{EBE8CE31-9BE3-4F71-AECB-C592D718EFAD}.Release|iPhoneSimulator.ActiveCfg = Release|iPhoneSimulator
		{EBE8CE31-9BE3-4F71-AECB-C592D718EFAD}.Release|iPhoneSimulator.Build.0 = Release|iPhoneSimulator
		{EBE8CE31-9BE3-4F71-AECB-C592D718EFAD}.Release|iPhoneSimulator.Deploy.0 = Release|iPhoneSimulator
		{EBE8CE31-9BE3-4F71-AECB-C592D718EFAD}.Release|x64.ActiveCfg = Release|iPhoneSimulator
		{EBE8CE31-9BE3-4F71-AECB-C592D718EFAD}.Release|x64.Build.0 = Release|iPhoneSimulator
		{EBE8CE31-9BE3-4F71-AECB-C592D718EFAD}.Release|x64.Deploy.0 = Release|iPhoneSimulator
		{EBE8CE31-9BE3-4F71-AECB-C592D718EFAD}.Release|x86.ActiveCfg = Release|iPhoneSimulator
		{EBE8CE31-9BE3-4F71-AECB-C592D718EFAD}.Release|x86.Build.0 = Release|iPhoneSimulator
		{EBE8CE31-9BE3-4F71-AECB-C592D718EFAD}.Release|x86.Deploy.0 = Release|iPhoneSimulator
		{8431CE10-1241-43EC-87A8-8288000EA242}.Debug|Any CPU.ActiveCfg = Debug|Any CPU
		{8431CE10-1241-43EC-87A8-8288000EA242}.Debug|Any CPU.Build.0 = Debug|Any CPU
		{8431CE10-1241-43EC-87A8-8288000EA242}.Debug|Any CPU.Deploy.0 = Debug|Any CPU
		{8431CE10-1241-43EC-87A8-8288000EA242}.Debug|ARM.ActiveCfg = Debug|Any CPU
		{8431CE10-1241-43EC-87A8-8288000EA242}.Debug|ARM.Build.0 = Debug|Any CPU
		{8431CE10-1241-43EC-87A8-8288000EA242}.Debug|ARM.Deploy.0 = Debug|Any CPU
		{8431CE10-1241-43EC-87A8-8288000EA242}.Debug|iPhone.ActiveCfg = Debug|Any CPU
		{8431CE10-1241-43EC-87A8-8288000EA242}.Debug|iPhone.Build.0 = Debug|Any CPU
		{8431CE10-1241-43EC-87A8-8288000EA242}.Debug|iPhone.Deploy.0 = Debug|Any CPU
		{8431CE10-1241-43EC-87A8-8288000EA242}.Debug|iPhoneSimulator.ActiveCfg = Debug|Any CPU
		{8431CE10-1241-43EC-87A8-8288000EA242}.Debug|iPhoneSimulator.Build.0 = Debug|Any CPU
		{8431CE10-1241-43EC-87A8-8288000EA242}.Debug|iPhoneSimulator.Deploy.0 = Debug|Any CPU
		{8431CE10-1241-43EC-87A8-8288000EA242}.Debug|x64.ActiveCfg = Debug|Any CPU
		{8431CE10-1241-43EC-87A8-8288000EA242}.Debug|x64.Build.0 = Debug|Any CPU
		{8431CE10-1241-43EC-87A8-8288000EA242}.Debug|x64.Deploy.0 = Debug|Any CPU
		{8431CE10-1241-43EC-87A8-8288000EA242}.Debug|x86.ActiveCfg = Debug|Any CPU
		{8431CE10-1241-43EC-87A8-8288000EA242}.Debug|x86.Build.0 = Debug|Any CPU
		{8431CE10-1241-43EC-87A8-8288000EA242}.Debug|x86.Deploy.0 = Debug|Any CPU
		{8431CE10-1241-43EC-87A8-8288000EA242}.Release|Any CPU.ActiveCfg = Release|Any CPU
		{8431CE10-1241-43EC-87A8-8288000EA242}.Release|Any CPU.Build.0 = Release|Any CPU
		{8431CE10-1241-43EC-87A8-8288000EA242}.Release|Any CPU.Deploy.0 = Release|Any CPU
		{8431CE10-1241-43EC-87A8-8288000EA242}.Release|ARM.ActiveCfg = Release|Any CPU
		{8431CE10-1241-43EC-87A8-8288000EA242}.Release|ARM.Build.0 = Release|Any CPU
		{8431CE10-1241-43EC-87A8-8288000EA242}.Release|ARM.Deploy.0 = Release|Any CPU
		{8431CE10-1241-43EC-87A8-8288000EA242}.Release|iPhone.ActiveCfg = Release|Any CPU
		{8431CE10-1241-43EC-87A8-8288000EA242}.Release|iPhone.Build.0 = Release|Any CPU
		{8431CE10-1241-43EC-87A8-8288000EA242}.Release|iPhone.Deploy.0 = Release|Any CPU
		{8431CE10-1241-43EC-87A8-8288000EA242}.Release|iPhoneSimulator.ActiveCfg = Release|Any CPU
		{8431CE10-1241-43EC-87A8-8288000EA242}.Release|iPhoneSimulator.Build.0 = Release|Any CPU
		{8431CE10-1241-43EC-87A8-8288000EA242}.Release|iPhoneSimulator.Deploy.0 = Release|Any CPU
		{8431CE10-1241-43EC-87A8-8288000EA242}.Release|x64.ActiveCfg = Release|Any CPU
		{8431CE10-1241-43EC-87A8-8288000EA242}.Release|x64.Build.0 = Release|Any CPU
		{8431CE10-1241-43EC-87A8-8288000EA242}.Release|x64.Deploy.0 = Release|Any CPU
		{8431CE10-1241-43EC-87A8-8288000EA242}.Release|x86.ActiveCfg = Release|Any CPU
		{8431CE10-1241-43EC-87A8-8288000EA242}.Release|x86.Build.0 = Release|Any CPU
		{8431CE10-1241-43EC-87A8-8288000EA242}.Release|x86.Deploy.0 = Release|Any CPU
	EndGlobalSection
	GlobalSection(SolutionProperties) = preSolution
		HideSolutionNode = FALSE
	EndGlobalSection
	GlobalSection(ExtensibilityGlobals) = postSolution
		SolutionGuid = {8E63CF59-02DD-4571-9D52-BECF593440CB}
	EndGlobalSection
EndGlobal
